// !$*UTF8*$!
{
	archiveVersion = 1;
	classes = {
	};
	objectVersion = 46;
	objects = {

/* Begin PBXBuildFile section */
		046098FE1B29C5CD00231625 /* ResourcePath.mm in Sources */ = {isa = PBXBuildFile; fileRef = 046098FD1B29C5CD00231625 /* ResourcePath.mm */; };
		046099011B29C5CD00231625 /* main.cpp in Sources */ = {isa = PBXBuildFile; fileRef = 046099001B29C5CD00231625 /* main.cpp */; };
		046099041B29C5CD00231625 /* cute_image.jpg in Resources */ = {isa = PBXBuildFile; fileRef = 046099031B29C5CD00231625 /* cute_image.jpg */; };
		046099061B29C5CE00231625 /* nice_music.ogg in Resources */ = {isa = PBXBuildFile; fileRef = 046099051B29C5CE00231625 /* nice_music.ogg */; };
		046099081B29C5CE00231625 /* sansation.ttf in Resources */ = {isa = PBXBuildFile; fileRef = 046099071B29C5CE00231625 /* sansation.ttf */; };
		0460990A1B29C5CE00231625 /* icon.png in Resources */ = {isa = PBXBuildFile; fileRef = 046099091B29C5CE00231625 /* icon.png */; };
/* End PBXBuildFile section */

/* Begin PBXFileReference section */
		046098F81B29C5CD00231625 /* QuatraV2.app */ = {isa = PBXFileReference; explicitFileType = wrapper.application; includeInIndex = 0; path = QuatraV2.app; sourceTree = BUILT_PRODUCTS_DIR; };
		046098FC1B29C5CD00231625 /* QuatraV2-Info.plist */ = {isa = PBXFileReference; lastKnownFileType = text.plist.xml; path = "QuatraV2-Info.plist"; sourceTree = "<group>"; };
		046098FD1B29C5CD00231625 /* ResourcePath.mm */ = {isa = PBXFileReference; lastKnownFileType = sourcecode.cpp.objcpp; path = ResourcePath.mm; sourceTree = "<group>"; };
		046098FF1B29C5CD00231625 /* ResourcePath.hpp */ = {isa = PBXFileReference; lastKnownFileType = sourcecode.cpp.h; path = ResourcePath.hpp; sourceTree = "<group>"; };
		046099001B29C5CD00231625 /* main.cpp */ = {isa = PBXFileReference; lastKnownFileType = sourcecode.cpp.cpp; path = main.cpp; sourceTree = "<group>"; };
		046099031B29C5CD00231625 /* cute_image.jpg */ = {isa = PBXFileReference; lastKnownFileType = image.jpeg; path = cute_image.jpg; sourceTree = "<group>"; };
		046099051B29C5CE00231625 /* nice_music.ogg */ = {isa = PBXFileReference; lastKnownFileType = file; path = nice_music.ogg; sourceTree = "<group>"; };
		046099071B29C5CE00231625 /* sansation.ttf */ = {isa = PBXFileReference; lastKnownFileType = file; path = sansation.ttf; sourceTree = "<group>"; };
		046099091B29C5CE00231625 /* icon.png */ = {isa = PBXFileReference; lastKnownFileType = image.png; path = icon.png; sourceTree = "<group>"; };
/* End PBXFileReference section */

/* Begin PBXFrameworksBuildPhase section */
		046098F41B29C5CD00231625 /* Frameworks */ = {
			isa = PBXFrameworksBuildPhase;
			buildActionMask = 2147483647;
			files = (
			);
			runOnlyForDeploymentPostprocessing = 0;
		};
/* End PBXFrameworksBuildPhase section */

/* Begin PBXGroup section */
		046098EE1B29C5CD00231625 = {
			isa = PBXGroup;
			children = (
				046098FA1B29C5CD00231625 /* QuatraV2 */,
				046098F91B29C5CD00231625 /* Products */,
			);
			sourceTree = "<group>";
		};
		046098F91B29C5CD00231625 /* Products */ = {
			isa = PBXGroup;
			children = (
				046098F81B29C5CD00231625 /* QuatraV2.app */,
			);
			name = Products;
			sourceTree = "<group>";
		};
		046098FA1B29C5CD00231625 /* QuatraV2 */ = {
			isa = PBXGroup;
			children = (
				046098FD1B29C5CD00231625 /* ResourcePath.mm */,
				046098FF1B29C5CD00231625 /* ResourcePath.hpp */,
				046099001B29C5CD00231625 /* main.cpp */,
				046099021B29C5CD00231625 /* Resources */,
				046098FB1B29C5CD00231625 /* Supporting Files */,
			);
			path = QuatraV2;
			sourceTree = "<group>";
		};
		046098FB1B29C5CD00231625 /* Supporting Files */ = {
			isa = PBXGroup;
			children = (
				046098FC1B29C5CD00231625 /* QuatraV2-Info.plist */,
			);
			name = "Supporting Files";
			sourceTree = "<group>";
		};
		046099021B29C5CD00231625 /* Resources */ = {
			isa = PBXGroup;
			children = (
				046099031B29C5CD00231625 /* cute_image.jpg */,
				046099051B29C5CE00231625 /* nice_music.ogg */,
				046099071B29C5CE00231625 /* sansation.ttf */,
				046099091B29C5CE00231625 /* icon.png */,
			);
			name = Resources;
			sourceTree = "<group>";
		};
/* End PBXGroup section */

/* Begin PBXNativeTarget section */
		046098F71B29C5CD00231625 /* QuatraV2 */ = {
			isa = PBXNativeTarget;
			buildConfigurationList = 0460990D1B29C5CE00231625 /* Build configuration list for PBXNativeTarget "QuatraV2" */;
			buildPhases = (
				046098F31B29C5CD00231625 /* Sources */,
				046098F41B29C5CD00231625 /* Frameworks */,
				046098F51B29C5CD00231625 /* Resources */,
				046098F61B29C5CD00231625 /* ShellScript */,
			);
			buildRules = (
			);
			dependencies = (
			);
			name = QuatraV2;
			productName = QuatraV2;
			productReference = 046098F81B29C5CD00231625 /* QuatraV2.app */;
			productType = "com.apple.product-type.application";
		};
/* End PBXNativeTarget section */

/* Begin PBXProject section */
		046098EF1B29C5CD00231625 /* Project object */ = {
			isa = PBXProject;
			attributes = {
				LastUpgradeCheck = 0630;
				ORGANIZATIONNAME = Slandercakes;
				TargetAttributes = {
					046098F71B29C5CD00231625 = {
						CreatedOnToolsVersion = 6.3.1;
					};
				};
			};
			buildConfigurationList = 046098F21B29C5CD00231625 /* Build configuration list for PBXProject "QuatraV2" */;
			compatibilityVersion = "Xcode 3.2";
			developmentRegion = English;
			hasScannedForEncodings = 0;
			knownRegions = (
				en,
			);
			mainGroup = 046098EE1B29C5CD00231625;
			productRefGroup = 046098F91B29C5CD00231625 /* Products */;
			projectDirPath = "";
			projectRoot = "";
			targets = (
				046098F71B29C5CD00231625 /* QuatraV2 */,
			);
		};
/* End PBXProject section */

/* Begin PBXResourcesBuildPhase section */
		046098F51B29C5CD00231625 /* Resources */ = {
			isa = PBXResourcesBuildPhase;
			buildActionMask = 2147483647;
			files = (
				0460990A1B29C5CE00231625 /* icon.png in Resources */,
				046099081B29C5CE00231625 /* sansation.ttf in Resources */,
				046099061B29C5CE00231625 /* nice_music.ogg in Resources */,
				046099041B29C5CD00231625 /* cute_image.jpg in Resources */,
			);
			runOnlyForDeploymentPostprocessing = 0;
		};
/* End PBXResourcesBuildPhase section */

/* Begin PBXShellScriptBuildPhase section */
		046098F61B29C5CD00231625 /* ShellScript */ = {
			isa = PBXShellScriptBuildPhase;
			buildActionMask = 2147483647;
			files = (
			);
			inputPaths = (
			);
			outputPaths = (
			);
			runOnlyForDeploymentPostprocessing = 0;
			shellPath = /bin/sh;
			shellScript = "# This shell script simply copies required SFML dylibs/frameworks into the application bundle frameworks folder.\n# If you're using static libraries (which is not recommended) you should remove this script from your project.\n\n# Are we building a project that uses frameworks or dylibs?\ncase \"$SFML_BINARY_TYPE\" in\n    DYLIBS)\n        frameworks=\"false\"\n        ;;\n    *)\n        frameworks=\"true\"\n        ;;\nesac\n\n# Echoes to stderr\nerror () # $* message to display\n{\n    echo $* 1>&2\n    exit 2\n}\n\nassert () # $1 is a boolean, $2...N is an error message\n{\n    if [ $# -lt 2 ]\n    then\n        error \"Internal error in assert : not enough args\"\n    fi\n\n    if [ $1 -ne 0 ]\n    then\n        shift\n        error \"$*\"\n    fi\n}\n\nforce_remove () # $@ is some paths\n{\n    test $# -ge 1\n    assert $? \"force_remove() requires at least one parameter\"\n    rm -fr $@\n    assert $? \"couldn't remove $@\"\n}\n\ncopy () # $1 is a source, $2 is a destination\n{\n    test $# -eq 2\n    assert $? \"copy() requires two parameters\"\n    ditto \"$1\" \"$2\"\n    assert $? \"couldn't copy $1 to $2\"\n}\n\nrequire () # $1 is a SFML module like 'system' or 'audio'\n{\n    dest=\"$BUILT_PRODUCTS_DIR/$PRODUCT_NAME.app/Contents/Frameworks\"\n\n    if [ -z \"$1\" ]\n    then\n        error \"require() requires one parameter!\"\n    else\n        # clean potentially old stuff\n        force_remove \"$dest/libsfml-$1\"*\n        force_remove \"$dest/sfml-$1.framework\"\n\n        # copy SFML libraries\n        if [ \"$frameworks\" = \"true\" ]\n        then\n            source=\"/Library/Frameworks/sfml-$1.framework\"\n            target=\"sfml-$1.framework\"\n        elif [ \"$SFML_LINK_DYLIBS_SUFFIX\" = \"-d\" ]\n        then\n            source=\"/usr/local/lib/libsfml-$1-d.dylib\"\n            target=\"`readlink $source`\"\n        else\n            source=\"/usr/local/lib/libsfml-$1.dylib\"\n            target=\"`readlink $source`\"\n        fi\n\n        copy \"$source\" \"$dest/$target\"\n\n        # copy extra dependencies\n        if [ \"$1\" = \"audio\" ]\n        then\n            # copy sndfile framework too\n            copy \"/Library/Frameworks/sndfile.framework\" \"$dest/sndfile.framework\"\n        elif [ \"$1\" = \"graphics\" ]\n        then\n            # copy freetype framework too\n            copy \"/Library/Frameworks/freetype.framework\" \"$dest/freetype.framework\"\n        fi\n    fi\n}\n\nif [ -n \"$SFML_SYSTEM\" ]\nthen\n    require \"system\"\nfi\n\nif [ -n \"$SFML_AUDIO\" ]\nthen\n    require \"audio\"\nfi\n\nif [ -n \"$SFML_NETWORK\" ]\nthen\n    require \"network\"\nfi\n\nif [ -n \"$SFML_WINDOW\" ]\nthen\n    require \"window\"\nfi\n\nif [ -n \"$SFML_GRAPHICS\" ]\nthen\n    require \"graphics\"\nfi\n\n                ";
		};
/* End PBXShellScriptBuildPhase section */

/* Begin PBXSourcesBuildPhase section */
		046098F31B29C5CD00231625 /* Sources */ = {
			isa = PBXSourcesBuildPhase;
			buildActionMask = 2147483647;
			files = (
				046099011B29C5CD00231625 /* main.cpp in Sources */,
				046098FE1B29C5CD00231625 /* ResourcePath.mm in Sources */,
			);
			runOnlyForDeploymentPostprocessing = 0;
		};
/* End PBXSourcesBuildPhase section */

/* Begin XCBuildConfiguration section */
		0460990B1B29C5CE00231625 /* Debug */ = {
			isa = XCBuildConfiguration;
			buildSettings = {
				ARCHS = (
					i386,
					x86_64,
				);
				CLANG_CXX_LANGUAGE_STANDARD = "c++0x";
				CLANG_CXX_LIBRARY = "libc++";
				FRAMEWORK_SEARCH_PATHS = (
					/Library/Frameworks/,
					"$(inherited)",
				);
				GCC_VERSION = com.apple.compilers.llvm.clang.1_0;
				HEADER_SEARCH_PATHS = (
					/usr/local/include/,
					"$(inherited)",
				);
				LIBRARY_SEARCH_PATHS = (
					/usr/local/lib/,
					"$(inherited)",
				);
				MACOSX_DEPLOYMENT_TARGET = 10.7;
				OTHER_LDFLAGS = (
					"$(inherited)",
					"$(SFML_SYSTEM)",
					"$(SFML_WINDOW)",
					"$(SFML_GRAPHICS)",
					"$(SFML_AUDIO)",
					"$(SFML_NETWORK)",
				);
				SFML_AUDIO = "$(SFML_LINK_PREFIX) sfml-audio$(SFML_LINK_SUFFIX)";
				SFML_BINARY_TYPE = FRAMEWORKS;
				SFML_GRAPHICS = "$(SFML_LINK_PREFIX) sfml-graphics$(SFML_LINK_SUFFIX)";
				SFML_LINK_DYLIBS_PREFIX = "-l";
				SFML_LINK_DYLIBS_SUFFIX = "";
				SFML_LINK_FRAMEWORKS_PREFIX = "-framework";
				SFML_LINK_FRAMEWORKS_SUFFIX = "";
				SFML_LINK_PREFIX = "$(SFML_LINK_$(SFML_BINARY_TYPE)_PREFIX)";
				SFML_LINK_SUFFIX = "$(SFML_LINK_$(SFML_BINARY_TYPE)_SUFFIX)";
				SFML_NETWORK = "";
				SFML_SYSTEM = "$(SFML_LINK_PREFIX) sfml-system$(SFML_LINK_SUFFIX)";
				SFML_WINDOW = "$(SFML_LINK_PREFIX) sfml-window$(SFML_LINK_SUFFIX)";
				SUPPORTED_PLATFORMS = macosx;
			};
			name = Debug;
		};
		0460990C1B29C5CE00231625 /* Release */ = {
			isa = XCBuildConfiguration;
			buildSettings = {
				ARCHS = (
					i386,
					x86_64,
				);
				CLANG_CXX_LANGUAGE_STANDARD = "c++0x";
				CLANG_CXX_LIBRARY = "libc++";
				FRAMEWORK_SEARCH_PATHS = (
					/Library/Frameworks/,
					"$(inherited)",
				);
				GCC_VERSION = com.apple.compilers.llvm.clang.1_0;
				HEADER_SEARCH_PATHS = (
					/usr/local/include/,
					"$(inherited)",
				);
				LIBRARY_SEARCH_PATHS = (
					/usr/local/lib/,
					"$(inherited)",
				);
				MACOSX_DEPLOYMENT_TARGET = 10.7;
				OTHER_LDFLAGS = (
					"$(inherited)",
					"$(SFML_SYSTEM)",
					"$(SFML_WINDOW)",
					"$(SFML_GRAPHICS)",
					"$(SFML_AUDIO)",
					"$(SFML_NETWORK)",
				);
				SFML_AUDIO = "$(SFML_LINK_PREFIX) sfml-audio$(SFML_LINK_SUFFIX)";
				SFML_BINARY_TYPE = FRAMEWORKS;
				SFML_GRAPHICS = "$(SFML_LINK_PREFIX) sfml-graphics$(SFML_LINK_SUFFIX)";
				SFML_LINK_DYLIBS_PREFIX = "-l";
				SFML_LINK_DYLIBS_SUFFIX = "";
				SFML_LINK_FRAMEWORKS_PREFIX = "-framework";
				SFML_LINK_FRAMEWORKS_SUFFIX = "";
				SFML_LINK_PREFIX = "$(SFML_LINK_$(SFML_BINARY_TYPE)_PREFIX)";
				SFML_LINK_SUFFIX = "$(SFML_LINK_$(SFML_BINARY_TYPE)_SUFFIX)";
				SFML_NETWORK = "";
				SFML_SYSTEM = "$(SFML_LINK_PREFIX) sfml-system$(SFML_LINK_SUFFIX)";
				SFML_WINDOW = "$(SFML_LINK_PREFIX) sfml-window$(SFML_LINK_SUFFIX)";
				SUPPORTED_PLATFORMS = macosx;
			};
			name = Release;
		};
		0460990E1B29C5CE00231625 /* Debug */ = {
			isa = XCBuildConfiguration;
			buildSettings = {
				INFOPLIST_FILE = "QuatraV2/QuatraV2-Info.plist";
				LD_RUNPATH_SEARCH_PATHS = "@loader_path/../Frameworks";
				PRODUCT_NAME = "$(TARGET_NAME)";
			};
			name = Debug;
		};
		0460990F1B29C5CE00231625 /* Release */ = {
			isa = XCBuildConfiguration;
			buildSettings = {
				INFOPLIST_FILE = "QuatraV2/QuatraV2-Info.plist";
				LD_RUNPATH_SEARCH_PATHS = "@loader_path/../Frameworks";
				PRODUCT_NAME = "$(TARGET_NAME)";
			};
			name = Release;
		};
/* End XCBuildConfiguration section */

/* Begin XCConfigurationList section */
		046098F21B29C5CD00231625 /* Build configuration list for PBXProject "QuatraV2" */ = {
			isa = XCConfigurationList;
			buildConfigurations = (
				0460990B1B29C5CE00231625 /* Debug */,
				0460990C1B29C5CE00231625 /* Release */,
			);
			defaultConfigurationIsVisible = 0;
			defaultConfigurationName = Release;
		};
		0460990D1B29C5CE00231625 /* Build configuration list for PBXNativeTarget "QuatraV2" */ = {
			isa = XCConfigurationList;
			buildConfigurations = (
				0460990E1B29C5CE00231625 /* Debug */,
				0460990F1B29C5CE00231625 /* Release */,
			);
			defaultConfigurationIsVisible = 0;
		};
/* End XCConfigurationList section */
	};
	rootObject = 046098EF1B29C5CD00231625 /* Project object */;
}
