// !$*UTF8*$!
{
	archiveVersion = 1;
	classes = {
	};
	objectVersion = 46;
	objects = {

/* Begin PBXBuildFile section */
		0403F47F1B2BAADB00BCAAC4 /* MovementSystem.cpp in Sources */ = {isa = PBXBuildFile; fileRef = 0403F47D1B2BAADB00BCAAC4 /* MovementSystem.cpp */; };
		0403F4821B2BAEF300BCAAC4 /* PhysicsSystem.cpp in Sources */ = {isa = PBXBuildFile; fileRef = 0403F4801B2BAEF300BCAAC4 /* PhysicsSystem.cpp */; };
		041FAD7D1B2C6B3E0078B837 /* FaceCursorComponent.cpp in Sources */ = {isa = PBXBuildFile; fileRef = 041FAD7B1B2C6B3E0078B837 /* FaceCursorComponent.cpp */; };
		041FAD801B2C6B4C0078B837 /* FaceCursorSystem.cpp in Sources */ = {isa = PBXBuildFile; fileRef = 041FAD7E1B2C6B4C0078B837 /* FaceCursorSystem.cpp */; };
		041FAD8D1B2C9B9F0078B837 /* enemy.png in Resources */ = {isa = PBXBuildFile; fileRef = 041FAD8C1B2C9B9F0078B837 /* enemy.png */; };
		041FAD901B2C9BAB0078B837 /* Enemy.cpp in Sources */ = {isa = PBXBuildFile; fileRef = 041FAD8E1B2C9BAB0078B837 /* Enemy.cpp */; };
		046098FE1B29C5CD00231625 /* ResourcePath.mm in Sources */ = {isa = PBXBuildFile; fileRef = 046098FD1B29C5CD00231625 /* ResourcePath.mm */; };
		046099011B29C5CD00231625 /* main.cpp in Sources */ = {isa = PBXBuildFile; fileRef = 046099001B29C5CD00231625 /* main.cpp */; };
		046099081B29C5CE00231625 /* sansation.ttf in Resources */ = {isa = PBXBuildFile; fileRef = 046099071B29C5CE00231625 /* sansation.ttf */; };
		046099141B29C66200231625 /* Game.cpp in Sources */ = {isa = PBXBuildFile; fileRef = 046099121B29C66200231625 /* Game.cpp */; };
		046099161B29C72700231625 /* player.png in Resources */ = {isa = PBXBuildFile; fileRef = 046099151B29C72700231625 /* player.png */; };
		0460991C1B29C80600231625 /* Player.cpp in Sources */ = {isa = PBXBuildFile; fileRef = 0460991A1B29C80600231625 /* Player.cpp */; };
		046099311B29D79F00231625 /* SpriteComponent.cpp in Sources */ = {isa = PBXBuildFile; fileRef = 046099301B29D79F00231625 /* SpriteComponent.cpp */; };
		046099351B29D7B100231625 /* VelocityComponent.cpp in Sources */ = {isa = PBXBuildFile; fileRef = 046099341B29D7B100231625 /* VelocityComponent.cpp */; };
		0460993D1B2B0E4800231625 /* Entity.cpp in Sources */ = {isa = PBXBuildFile; fileRef = 0460993C1B2B0E4800231625 /* Entity.cpp */; };
		046099401B2B11FE00231625 /* InputSystem.cpp in Sources */ = {isa = PBXBuildFile; fileRef = 0460993E1B2B11FE00231625 /* InputSystem.cpp */; };
		046099461B2B120E00231625 /* RenderSystem.cpp in Sources */ = {isa = PBXBuildFile; fileRef = 046099441B2B120E00231625 /* RenderSystem.cpp */; };
		046099491B2B133400231625 /* InputComponent.cpp in Sources */ = {isa = PBXBuildFile; fileRef = 046099471B2B133400231625 /* InputComponent.cpp */; };
		04BD7A6D1B2DBF9100647C1F /* System.cpp in Sources */ = {isa = PBXBuildFile; fileRef = 04BD7A6C1B2DBF9100647C1F /* System.cpp */; };
		04BD7A771B2DC45200647C1F /* bullet.png in Resources */ = {isa = PBXBuildFile; fileRef = 04BD7A761B2DC45200647C1F /* bullet.png */; };
		04D7ED821B309DF5000A8A59 /* Bullet.cpp in Sources */ = {isa = PBXBuildFile; fileRef = 04D7ED801B309DF5000A8A59 /* Bullet.cpp */; };
		04D7ED851B309E01000A8A59 /* GunComponent.cpp in Sources */ = {isa = PBXBuildFile; fileRef = 04D7ED831B309E01000A8A59 /* GunComponent.cpp */; };
		04D7ED881B309E0D000A8A59 /* FiringSystem.cpp in Sources */ = {isa = PBXBuildFile; fileRef = 04D7ED861B309E0D000A8A59 /* FiringSystem.cpp */; };
		04D7ED8B1B30A38C000A8A59 /* PerishableComponent.cpp in Sources */ = {isa = PBXBuildFile; fileRef = 04D7ED891B30A38C000A8A59 /* PerishableComponent.cpp */; };
		04D7ED8E1B30A403000A8A59 /* DestructionSystem.cpp in Sources */ = {isa = PBXBuildFile; fileRef = 04D7ED8C1B30A403000A8A59 /* DestructionSystem.cpp */; };
/* End PBXBuildFile section */

/* Begin PBXFileReference section */
		0403F47D1B2BAADB00BCAAC4 /* MovementSystem.cpp */ = {isa = PBXFileReference; fileEncoding = 4; lastKnownFileType = sourcecode.cpp.cpp; path = MovementSystem.cpp; sourceTree = "<group>"; };
		0403F47E1B2BAADB00BCAAC4 /* MovementSystem.hpp */ = {isa = PBXFileReference; fileEncoding = 4; lastKnownFileType = sourcecode.cpp.h; path = MovementSystem.hpp; sourceTree = "<group>"; };
		0403F4801B2BAEF300BCAAC4 /* PhysicsSystem.cpp */ = {isa = PBXFileReference; fileEncoding = 4; lastKnownFileType = sourcecode.cpp.cpp; path = PhysicsSystem.cpp; sourceTree = "<group>"; };
		0403F4811B2BAEF300BCAAC4 /* PhysicsSystem.hpp */ = {isa = PBXFileReference; fileEncoding = 4; lastKnownFileType = sourcecode.cpp.h; path = PhysicsSystem.hpp; sourceTree = "<group>"; };
		041FAD7B1B2C6B3E0078B837 /* FaceCursorComponent.cpp */ = {isa = PBXFileReference; fileEncoding = 4; lastKnownFileType = sourcecode.cpp.cpp; path = FaceCursorComponent.cpp; sourceTree = "<group>"; };
		041FAD7C1B2C6B3E0078B837 /* FaceCursorComponent.hpp */ = {isa = PBXFileReference; fileEncoding = 4; lastKnownFileType = sourcecode.cpp.h; path = FaceCursorComponent.hpp; sourceTree = "<group>"; };
		041FAD7E1B2C6B4C0078B837 /* FaceCursorSystem.cpp */ = {isa = PBXFileReference; fileEncoding = 4; lastKnownFileType = sourcecode.cpp.cpp; path = FaceCursorSystem.cpp; sourceTree = "<group>"; };
		041FAD7F1B2C6B4C0078B837 /* FaceCursorSystem.hpp */ = {isa = PBXFileReference; fileEncoding = 4; lastKnownFileType = sourcecode.cpp.h; path = FaceCursorSystem.hpp; sourceTree = "<group>"; };
		041FAD8A1B2C9A200078B837 /* ComponentType.hpp */ = {isa = PBXFileReference; fileEncoding = 4; lastKnownFileType = sourcecode.cpp.h; path = ComponentType.hpp; sourceTree = "<group>"; };
		041FAD8C1B2C9B9F0078B837 /* enemy.png */ = {isa = PBXFileReference; lastKnownFileType = image.png; path = enemy.png; sourceTree = "<group>"; };
		041FAD8E1B2C9BAB0078B837 /* Enemy.cpp */ = {isa = PBXFileReference; fileEncoding = 4; lastKnownFileType = sourcecode.cpp.cpp; path = Enemy.cpp; sourceTree = "<group>"; };
		041FAD8F1B2C9BAB0078B837 /* Enemy.hpp */ = {isa = PBXFileReference; fileEncoding = 4; lastKnownFileType = sourcecode.cpp.h; path = Enemy.hpp; sourceTree = "<group>"; };
		046098F81B29C5CD00231625 /* QuatraV2.app */ = {isa = PBXFileReference; explicitFileType = wrapper.application; includeInIndex = 0; path = QuatraV2.app; sourceTree = BUILT_PRODUCTS_DIR; };
		046098FC1B29C5CD00231625 /* QuatraV2-Info.plist */ = {isa = PBXFileReference; lastKnownFileType = text.plist.xml; path = "QuatraV2-Info.plist"; sourceTree = "<group>"; };
		046098FD1B29C5CD00231625 /* ResourcePath.mm */ = {isa = PBXFileReference; lastKnownFileType = sourcecode.cpp.objcpp; path = ResourcePath.mm; sourceTree = "<group>"; };
		046098FF1B29C5CD00231625 /* ResourcePath.hpp */ = {isa = PBXFileReference; lastKnownFileType = sourcecode.cpp.h; path = ResourcePath.hpp; sourceTree = "<group>"; };
		046099001B29C5CD00231625 /* main.cpp */ = {isa = PBXFileReference; lastKnownFileType = sourcecode.cpp.cpp; path = main.cpp; sourceTree = "<group>"; };
		046099071B29C5CE00231625 /* sansation.ttf */ = {isa = PBXFileReference; lastKnownFileType = file; path = sansation.ttf; sourceTree = "<group>"; };
		046099121B29C66200231625 /* Game.cpp */ = {isa = PBXFileReference; fileEncoding = 4; lastKnownFileType = sourcecode.cpp.cpp; path = Game.cpp; sourceTree = "<group>"; };
		046099131B29C66200231625 /* Game.hpp */ = {isa = PBXFileReference; fileEncoding = 4; lastKnownFileType = sourcecode.cpp.h; path = Game.hpp; sourceTree = "<group>"; };
		046099151B29C72700231625 /* player.png */ = {isa = PBXFileReference; lastKnownFileType = image.png; path = player.png; sourceTree = "<group>"; };
		046099181B29C73B00231625 /* Entity.hpp */ = {isa = PBXFileReference; fileEncoding = 4; lastKnownFileType = sourcecode.cpp.h; path = Entity.hpp; sourceTree = "<group>"; };
		0460991A1B29C80600231625 /* Player.cpp */ = {isa = PBXFileReference; fileEncoding = 4; lastKnownFileType = sourcecode.cpp.cpp; path = Player.cpp; sourceTree = "<group>"; };
		0460991B1B29C80600231625 /* Player.hpp */ = {isa = PBXFileReference; fileEncoding = 4; lastKnownFileType = sourcecode.cpp.h; path = Player.hpp; sourceTree = "<group>"; };
		0460991D1B29C8E800231625 /* SpriteComponent.hpp */ = {isa = PBXFileReference; lastKnownFileType = sourcecode.cpp.h; path = SpriteComponent.hpp; sourceTree = "<group>"; };
		0460991F1B29CAD200231625 /* VelocityComponent.hpp */ = {isa = PBXFileReference; lastKnownFileType = sourcecode.cpp.h; path = VelocityComponent.hpp; sourceTree = "<group>"; };
		046099201B29CB0F00231625 /* Component.hpp */ = {isa = PBXFileReference; lastKnownFileType = sourcecode.cpp.h; path = Component.hpp; sourceTree = "<group>"; };
		0460992B1B29CDC800231625 /* System.hpp */ = {isa = PBXFileReference; fileEncoding = 4; lastKnownFileType = sourcecode.cpp.h; path = System.hpp; sourceTree = "<group>"; };
		046099301B29D79F00231625 /* SpriteComponent.cpp */ = {isa = PBXFileReference; fileEncoding = 4; lastKnownFileType = sourcecode.cpp.cpp; path = SpriteComponent.cpp; sourceTree = "<group>"; };
		046099341B29D7B100231625 /* VelocityComponent.cpp */ = {isa = PBXFileReference; fileEncoding = 4; lastKnownFileType = sourcecode.cpp.cpp; path = VelocityComponent.cpp; sourceTree = "<group>"; };
		0460993C1B2B0E4800231625 /* Entity.cpp */ = {isa = PBXFileReference; fileEncoding = 4; lastKnownFileType = sourcecode.cpp.cpp; path = Entity.cpp; sourceTree = "<group>"; };
		0460993E1B2B11FE00231625 /* InputSystem.cpp */ = {isa = PBXFileReference; fileEncoding = 4; lastKnownFileType = sourcecode.cpp.cpp; path = InputSystem.cpp; sourceTree = "<group>"; };
		0460993F1B2B11FE00231625 /* InputSystem.hpp */ = {isa = PBXFileReference; fileEncoding = 4; lastKnownFileType = sourcecode.cpp.h; path = InputSystem.hpp; sourceTree = "<group>"; };
		046099441B2B120E00231625 /* RenderSystem.cpp */ = {isa = PBXFileReference; fileEncoding = 4; lastKnownFileType = sourcecode.cpp.cpp; path = RenderSystem.cpp; sourceTree = "<group>"; };
		046099451B2B120E00231625 /* RenderSystem.hpp */ = {isa = PBXFileReference; fileEncoding = 4; lastKnownFileType = sourcecode.cpp.h; path = RenderSystem.hpp; sourceTree = "<group>"; };
		046099471B2B133400231625 /* InputComponent.cpp */ = {isa = PBXFileReference; fileEncoding = 4; lastKnownFileType = sourcecode.cpp.cpp; path = InputComponent.cpp; sourceTree = "<group>"; };
		046099481B2B133400231625 /* InputComponent.hpp */ = {isa = PBXFileReference; fileEncoding = 4; lastKnownFileType = sourcecode.cpp.h; path = InputComponent.hpp; sourceTree = "<group>"; };
		04BD7A6C1B2DBF9100647C1F /* System.cpp */ = {isa = PBXFileReference; fileEncoding = 4; lastKnownFileType = sourcecode.cpp.cpp; path = System.cpp; sourceTree = "<group>"; };
		04BD7A761B2DC45200647C1F /* bullet.png */ = {isa = PBXFileReference; lastKnownFileType = image.png; path = bullet.png; sourceTree = "<group>"; };
		04BD7A981B2DFFA400647C1F /* Math.hpp */ = {isa = PBXFileReference; lastKnownFileType = sourcecode.cpp.h; path = Math.hpp; sourceTree = "<group>"; };
		04D7ED801B309DF5000A8A59 /* Bullet.cpp */ = {isa = PBXFileReference; fileEncoding = 4; lastKnownFileType = sourcecode.cpp.cpp; path = Bullet.cpp; sourceTree = "<group>"; };
		04D7ED811B309DF5000A8A59 /* Bullet.hpp */ = {isa = PBXFileReference; fileEncoding = 4; lastKnownFileType = sourcecode.cpp.h; path = Bullet.hpp; sourceTree = "<group>"; };
		04D7ED831B309E01000A8A59 /* GunComponent.cpp */ = {isa = PBXFileReference; fileEncoding = 4; lastKnownFileType = sourcecode.cpp.cpp; path = GunComponent.cpp; sourceTree = "<group>"; };
		04D7ED841B309E01000A8A59 /* GunComponent.hpp */ = {isa = PBXFileReference; fileEncoding = 4; lastKnownFileType = sourcecode.cpp.h; path = GunComponent.hpp; sourceTree = "<group>"; };
		04D7ED861B309E0D000A8A59 /* FiringSystem.cpp */ = {isa = PBXFileReference; fileEncoding = 4; lastKnownFileType = sourcecode.cpp.cpp; path = FiringSystem.cpp; sourceTree = "<group>"; };
		04D7ED871B309E0D000A8A59 /* FiringSystem.hpp */ = {isa = PBXFileReference; fileEncoding = 4; lastKnownFileType = sourcecode.cpp.h; path = FiringSystem.hpp; sourceTree = "<group>"; };
		04D7ED891B30A38C000A8A59 /* PerishableComponent.cpp */ = {isa = PBXFileReference; fileEncoding = 4; lastKnownFileType = sourcecode.cpp.cpp; path = PerishableComponent.cpp; sourceTree = "<group>"; };
		04D7ED8A1B30A38C000A8A59 /* PerishableComponent.hpp */ = {isa = PBXFileReference; fileEncoding = 4; lastKnownFileType = sourcecode.cpp.h; path = PerishableComponent.hpp; sourceTree = "<group>"; };
		04D7ED8C1B30A403000A8A59 /* DestructionSystem.cpp */ = {isa = PBXFileReference; fileEncoding = 4; lastKnownFileType = sourcecode.cpp.cpp; path = DestructionSystem.cpp; sourceTree = "<group>"; };
		04D7ED8D1B30A403000A8A59 /* DestructionSystem.hpp */ = {isa = PBXFileReference; fileEncoding = 4; lastKnownFileType = sourcecode.cpp.h; path = DestructionSystem.hpp; sourceTree = "<group>"; };
/* End PBXFileReference section */

/* Begin PBXFrameworksBuildPhase section */
		046098F41B29C5CD00231625 /* Frameworks */ = {
			isa = PBXFrameworksBuildPhase;
			buildActionMask = 2147483647;
			files = (
			);
			runOnlyForDeploymentPostprocessing = 0;
		};
/* End PBXFrameworksBuildPhase section */

/* Begin PBXGroup section */
		0403F4771B2B3E0000BCAAC4 /* Entities */ = {
			isa = PBXGroup;
			children = (
				0460993C1B2B0E4800231625 /* Entity.cpp */,
				0460991A1B29C80600231625 /* Player.cpp */,
				041FAD8E1B2C9BAB0078B837 /* Enemy.cpp */,
				04D7ED801B309DF5000A8A59 /* Bullet.cpp */,
			);
			name = Entities;
			sourceTree = "<group>";
		};
		0403F4781B2B3E0800BCAAC4 /* Components */ = {
			isa = PBXGroup;
			children = (
				046099341B29D7B100231625 /* VelocityComponent.cpp */,
				046099301B29D79F00231625 /* SpriteComponent.cpp */,
				046099471B2B133400231625 /* InputComponent.cpp */,
				041FAD7B1B2C6B3E0078B837 /* FaceCursorComponent.cpp */,
				04D7ED831B309E01000A8A59 /* GunComponent.cpp */,
				04D7ED891B30A38C000A8A59 /* PerishableComponent.cpp */,
			);
			name = Components;
			sourceTree = "<group>";
		};
		0403F4791B2B3E0D00BCAAC4 /* Systems */ = {
			isa = PBXGroup;
			children = (
				04BD7A6C1B2DBF9100647C1F /* System.cpp */,
				0460993E1B2B11FE00231625 /* InputSystem.cpp */,
				0403F47D1B2BAADB00BCAAC4 /* MovementSystem.cpp */,
				0403F4801B2BAEF300BCAAC4 /* PhysicsSystem.cpp */,
				041FAD7E1B2C6B4C0078B837 /* FaceCursorSystem.cpp */,
				04D7ED861B309E0D000A8A59 /* FiringSystem.cpp */,
				04D7ED8C1B30A403000A8A59 /* DestructionSystem.cpp */,
				046099441B2B120E00231625 /* RenderSystem.cpp */,
			);
			name = Systems;
			sourceTree = "<group>";
		};
		0403F47A1B2B3E3200BCAAC4 /* Systems */ = {
			isa = PBXGroup;
			children = (
				0460992B1B29CDC800231625 /* System.hpp */,
				041FAD7F1B2C6B4C0078B837 /* FaceCursorSystem.hpp */,
				0460993F1B2B11FE00231625 /* InputSystem.hpp */,
				0403F47E1B2BAADB00BCAAC4 /* MovementSystem.hpp */,
				0403F4811B2BAEF300BCAAC4 /* PhysicsSystem.hpp */,
				046099451B2B120E00231625 /* RenderSystem.hpp */,
				04D7ED871B309E0D000A8A59 /* FiringSystem.hpp */,
				04D7ED8D1B30A403000A8A59 /* DestructionSystem.hpp */,
			);
			name = Systems;
			sourceTree = "<group>";
		};
		0403F47B1B2B3E3600BCAAC4 /* Components */ = {
			isa = PBXGroup;
			children = (
				041FAD8A1B2C9A200078B837 /* ComponentType.hpp */,
				046099201B29CB0F00231625 /* Component.hpp */,
				041FAD7C1B2C6B3E0078B837 /* FaceCursorComponent.hpp */,
				0460991F1B29CAD200231625 /* VelocityComponent.hpp */,
				0460991D1B29C8E800231625 /* SpriteComponent.hpp */,
				046099481B2B133400231625 /* InputComponent.hpp */,
				04D7ED841B309E01000A8A59 /* GunComponent.hpp */,
				04D7ED8A1B30A38C000A8A59 /* PerishableComponent.hpp */,
			);
			name = Components;
			sourceTree = "<group>";
		};
		0403F47C1B2B3E3A00BCAAC4 /* Entities */ = {
			isa = PBXGroup;
			children = (
				046099181B29C73B00231625 /* Entity.hpp */,
				0460991B1B29C80600231625 /* Player.hpp */,
				041FAD8F1B2C9BAB0078B837 /* Enemy.hpp */,
				04D7ED811B309DF5000A8A59 /* Bullet.hpp */,
			);
			name = Entities;
			sourceTree = "<group>";
		};
		046098EE1B29C5CD00231625 = {
			isa = PBXGroup;
			children = (
				046098FA1B29C5CD00231625 /* QuatraV2 */,
				046098F91B29C5CD00231625 /* Products */,
			);
			sourceTree = "<group>";
		};
		046098F91B29C5CD00231625 /* Products */ = {
			isa = PBXGroup;
			children = (
				046098F81B29C5CD00231625 /* QuatraV2.app */,
			);
			name = Products;
			sourceTree = "<group>";
		};
		046098FA1B29C5CD00231625 /* QuatraV2 */ = {
			isa = PBXGroup;
			children = (
				046099111B29C5F700231625 /* src */,
				046099101B29C5F100231625 /* include */,
				046098FD1B29C5CD00231625 /* ResourcePath.mm */,
				046098FF1B29C5CD00231625 /* ResourcePath.hpp */,
				046099021B29C5CD00231625 /* Resources */,
				046098FB1B29C5CD00231625 /* Supporting Files */,
			);
			path = QuatraV2;
			sourceTree = "<group>";
		};
		046098FB1B29C5CD00231625 /* Supporting Files */ = {
			isa = PBXGroup;
			children = (
				046098FC1B29C5CD00231625 /* QuatraV2-Info.plist */,
			);
			name = "Supporting Files";
			sourceTree = "<group>";
		};
		046099021B29C5CD00231625 /* Resources */ = {
			isa = PBXGroup;
			children = (
				046099071B29C5CE00231625 /* sansation.ttf */,
				046099151B29C72700231625 /* player.png */,
				041FAD8C1B2C9B9F0078B837 /* enemy.png */,
				04BD7A761B2DC45200647C1F /* bullet.png */,
			);
			name = Resources;
			sourceTree = "<group>";
		};
		046099101B29C5F100231625 /* include */ = {
			isa = PBXGroup;
			children = (
				046099131B29C66200231625 /* Game.hpp */,
				0403F47C1B2B3E3A00BCAAC4 /* Entities */,
				0403F47B1B2B3E3600BCAAC4 /* Components */,
				0403F47A1B2B3E3200BCAAC4 /* Systems */,
				04BD7A971B2DFF8E00647C1F /* Helpers */,
			);
			name = include;
			sourceTree = "<group>";
		};
		046099111B29C5F700231625 /* src */ = {
			isa = PBXGroup;
			children = (
				046099001B29C5CD00231625 /* main.cpp */,
				046099121B29C66200231625 /* Game.cpp */,
				0403F4771B2B3E0000BCAAC4 /* Entities */,
				0403F4781B2B3E0800BCAAC4 /* Components */,
				0403F4791B2B3E0D00BCAAC4 /* Systems */,
			);
			name = src;
			sourceTree = "<group>";
		};
		04BD7A971B2DFF8E00647C1F /* Helpers */ = {
			isa = PBXGroup;
			children = (
				04BD7A981B2DFFA400647C1F /* Math.hpp */,
			);
			name = Helpers;
			sourceTree = "<group>";
		};
/* End PBXGroup section */

/* Begin PBXNativeTarget section */
		046098F71B29C5CD00231625 /* QuatraV2 */ = {
			isa = PBXNativeTarget;
			buildConfigurationList = 0460990D1B29C5CE00231625 /* Build configuration list for PBXNativeTarget "QuatraV2" */;
			buildPhases = (
				046098F31B29C5CD00231625 /* Sources */,
				046098F41B29C5CD00231625 /* Frameworks */,
				046098F51B29C5CD00231625 /* Resources */,
				046098F61B29C5CD00231625 /* ShellScript */,
			);
			buildRules = (
			);
			dependencies = (
			);
			name = QuatraV2;
			productName = QuatraV2;
			productReference = 046098F81B29C5CD00231625 /* QuatraV2.app */;
			productType = "com.apple.product-type.application";
		};
/* End PBXNativeTarget section */

/* Begin PBXProject section */
		046098EF1B29C5CD00231625 /* Project object */ = {
			isa = PBXProject;
			attributes = {
				LastUpgradeCheck = 0630;
				ORGANIZATIONNAME = Slandercakes;
				TargetAttributes = {
					046098F71B29C5CD00231625 = {
						CreatedOnToolsVersion = 6.3.1;
					};
				};
			};
			buildConfigurationList = 046098F21B29C5CD00231625 /* Build configuration list for PBXProject "QuatraV2" */;
			compatibilityVersion = "Xcode 3.2";
			developmentRegion = English;
			hasScannedForEncodings = 0;
			knownRegions = (
				en,
			);
			mainGroup = 046098EE1B29C5CD00231625;
			productRefGroup = 046098F91B29C5CD00231625 /* Products */;
			projectDirPath = "";
			projectRoot = "";
			targets = (
				046098F71B29C5CD00231625 /* QuatraV2 */,
			);
		};
/* End PBXProject section */

/* Begin PBXResourcesBuildPhase section */
		046098F51B29C5CD00231625 /* Resources */ = {
			isa = PBXResourcesBuildPhase;
			buildActionMask = 2147483647;
			files = (
				046099161B29C72700231625 /* player.png in Resources */,
				04BD7A771B2DC45200647C1F /* bullet.png in Resources */,
				046099081B29C5CE00231625 /* sansation.ttf in Resources */,
				041FAD8D1B2C9B9F0078B837 /* enemy.png in Resources */,
			);
			runOnlyForDeploymentPostprocessing = 0;
		};
/* End PBXResourcesBuildPhase section */

/* Begin PBXShellScriptBuildPhase section */
		046098F61B29C5CD00231625 /* ShellScript */ = {
			isa = PBXShellScriptBuildPhase;
			buildActionMask = 2147483647;
			files = (
			);
			inputPaths = (
			);
			outputPaths = (
			);
			runOnlyForDeploymentPostprocessing = 0;
			shellPath = /bin/sh;
			shellScript = "# This shell script simply copies required SFML dylibs/frameworks into the application bundle frameworks folder.\n# If you're using static libraries (which is not recommended) you should remove this script from your project.\n\n# Are we building a project that uses frameworks or dylibs?\ncase \"$SFML_BINARY_TYPE\" in\n    DYLIBS)\n        frameworks=\"false\"\n        ;;\n    *)\n        frameworks=\"true\"\n        ;;\nesac\n\n# Echoes to stderr\nerror () # $* message to display\n{\n    echo $* 1>&2\n    exit 2\n}\n\nassert () # $1 is a boolean, $2...N is an error message\n{\n    if [ $# -lt 2 ]\n    then\n        error \"Internal error in assert : not enough args\"\n    fi\n\n    if [ $1 -ne 0 ]\n    then\n        shift\n        error \"$*\"\n    fi\n}\n\nforce_remove () # $@ is some paths\n{\n    test $# -ge 1\n    assert $? \"force_remove() requires at least one parameter\"\n    rm -fr $@\n    assert $? \"couldn't remove $@\"\n}\n\ncopy () # $1 is a source, $2 is a destination\n{\n    test $# -eq 2\n    assert $? \"copy() requires two parameters\"\n    ditto \"$1\" \"$2\"\n    assert $? \"couldn't copy $1 to $2\"\n}\n\nrequire () # $1 is a SFML module like 'system' or 'audio'\n{\n    dest=\"$BUILT_PRODUCTS_DIR/$PRODUCT_NAME.app/Contents/Frameworks\"\n\n    if [ -z \"$1\" ]\n    then\n        error \"require() requires one parameter!\"\n    else\n        # clean potentially old stuff\n        force_remove \"$dest/libsfml-$1\"*\n        force_remove \"$dest/sfml-$1.framework\"\n\n        # copy SFML libraries\n        if [ \"$frameworks\" = \"true\" ]\n        then\n            source=\"/Library/Frameworks/sfml-$1.framework\"\n            target=\"sfml-$1.framework\"\n        elif [ \"$SFML_LINK_DYLIBS_SUFFIX\" = \"-d\" ]\n        then\n            source=\"/usr/local/lib/libsfml-$1-d.dylib\"\n            target=\"`readlink $source`\"\n        else\n            source=\"/usr/local/lib/libsfml-$1.dylib\"\n            target=\"`readlink $source`\"\n        fi\n\n        copy \"$source\" \"$dest/$target\"\n\n        # copy extra dependencies\n        if [ \"$1\" = \"audio\" ]\n        then\n            # copy sndfile framework too\n            copy \"/Library/Frameworks/sndfile.framework\" \"$dest/sndfile.framework\"\n        elif [ \"$1\" = \"graphics\" ]\n        then\n            # copy freetype framework too\n            copy \"/Library/Frameworks/freetype.framework\" \"$dest/freetype.framework\"\n        fi\n    fi\n}\n\nif [ -n \"$SFML_SYSTEM\" ]\nthen\n    require \"system\"\nfi\n\nif [ -n \"$SFML_AUDIO\" ]\nthen\n    require \"audio\"\nfi\n\nif [ -n \"$SFML_NETWORK\" ]\nthen\n    require \"network\"\nfi\n\nif [ -n \"$SFML_WINDOW\" ]\nthen\n    require \"window\"\nfi\n\nif [ -n \"$SFML_GRAPHICS\" ]\nthen\n    require \"graphics\"\nfi\n\n                ";
		};
/* End PBXShellScriptBuildPhase section */

/* Begin PBXSourcesBuildPhase section */
		046098F31B29C5CD00231625 /* Sources */ = {
			isa = PBXSourcesBuildPhase;
			buildActionMask = 2147483647;
			files = (
				04D7ED851B309E01000A8A59 /* GunComponent.cpp in Sources */,
				04BD7A6D1B2DBF9100647C1F /* System.cpp in Sources */,
				0403F47F1B2BAADB00BCAAC4 /* MovementSystem.cpp in Sources */,
				0460993D1B2B0E4800231625 /* Entity.cpp in Sources */,
				046099401B2B11FE00231625 /* InputSystem.cpp in Sources */,
				041FAD801B2C6B4C0078B837 /* FaceCursorSystem.cpp in Sources */,
				04D7ED8B1B30A38C000A8A59 /* PerishableComponent.cpp in Sources */,
				046099351B29D7B100231625 /* VelocityComponent.cpp in Sources */,
				046099461B2B120E00231625 /* RenderSystem.cpp in Sources */,
				0460991C1B29C80600231625 /* Player.cpp in Sources */,
				0403F4821B2BAEF300BCAAC4 /* PhysicsSystem.cpp in Sources */,
				041FAD7D1B2C6B3E0078B837 /* FaceCursorComponent.cpp in Sources */,
				046099311B29D79F00231625 /* SpriteComponent.cpp in Sources */,
				046099141B29C66200231625 /* Game.cpp in Sources */,
				04D7ED821B309DF5000A8A59 /* Bullet.cpp in Sources */,
				046099011B29C5CD00231625 /* main.cpp in Sources */,
				041FAD901B2C9BAB0078B837 /* Enemy.cpp in Sources */,
				04D7ED881B309E0D000A8A59 /* FiringSystem.cpp in Sources */,
				046099491B2B133400231625 /* InputComponent.cpp in Sources */,
				046098FE1B29C5CD00231625 /* ResourcePath.mm in Sources */,
				04D7ED8E1B30A403000A8A59 /* DestructionSystem.cpp in Sources */,
			);
			runOnlyForDeploymentPostprocessing = 0;
		};
/* End PBXSourcesBuildPhase section */

/* Begin XCBuildConfiguration section */
		0460990B1B29C5CE00231625 /* Debug */ = {
			isa = XCBuildConfiguration;
			buildSettings = {
				ARCHS = (
					i386,
					x86_64,
				);
				CLANG_CXX_LANGUAGE_STANDARD = "c++14";
				CLANG_CXX_LIBRARY = "libc++";
				FRAMEWORK_SEARCH_PATHS = (
					/Library/Frameworks/,
					"$(inherited)",
				);
				GCC_VERSION = com.apple.compilers.llvm.clang.1_0;
				HEADER_SEARCH_PATHS = (
					/usr/local/include/,
					"$(inherited)",
				);
				LIBRARY_SEARCH_PATHS = (
					/usr/local/lib/,
					"$(inherited)",
				);
				MACOSX_DEPLOYMENT_TARGET = 10.7;
				OTHER_LDFLAGS = (
					"$(inherited)",
					"$(SFML_SYSTEM)",
					"$(SFML_WINDOW)",
					"$(SFML_GRAPHICS)",
					"$(SFML_AUDIO)",
					"$(SFML_NETWORK)",
				);
				SFML_AUDIO = "$(SFML_LINK_PREFIX) sfml-audio$(SFML_LINK_SUFFIX)";
				SFML_BINARY_TYPE = FRAMEWORKS;
				SFML_GRAPHICS = "$(SFML_LINK_PREFIX) sfml-graphics$(SFML_LINK_SUFFIX)";
				SFML_LINK_DYLIBS_PREFIX = "-l";
				SFML_LINK_DYLIBS_SUFFIX = "";
				SFML_LINK_FRAMEWORKS_PREFIX = "-framework";
				SFML_LINK_FRAMEWORKS_SUFFIX = "";
				SFML_LINK_PREFIX = "$(SFML_LINK_$(SFML_BINARY_TYPE)_PREFIX)";
				SFML_LINK_SUFFIX = "$(SFML_LINK_$(SFML_BINARY_TYPE)_SUFFIX)";
				SFML_NETWORK = "";
				SFML_SYSTEM = "$(SFML_LINK_PREFIX) sfml-system$(SFML_LINK_SUFFIX)";
				SFML_WINDOW = "$(SFML_LINK_PREFIX) sfml-window$(SFML_LINK_SUFFIX)";
				SUPPORTED_PLATFORMS = macosx;
			};
			name = Debug;
		};
		0460990C1B29C5CE00231625 /* Release */ = {
			isa = XCBuildConfiguration;
			buildSettings = {
				ARCHS = (
					i386,
					x86_64,
				);
				CLANG_CXX_LANGUAGE_STANDARD = "c++14";
				CLANG_CXX_LIBRARY = "libc++";
				FRAMEWORK_SEARCH_PATHS = (
					/Library/Frameworks/,
					"$(inherited)",
				);
				GCC_VERSION = com.apple.compilers.llvm.clang.1_0;
				HEADER_SEARCH_PATHS = (
					/usr/local/include/,
					"$(inherited)",
				);
				LIBRARY_SEARCH_PATHS = (
					/usr/local/lib/,
					"$(inherited)",
				);
				MACOSX_DEPLOYMENT_TARGET = 10.7;
				OTHER_LDFLAGS = (
					"$(inherited)",
					"$(SFML_SYSTEM)",
					"$(SFML_WINDOW)",
					"$(SFML_GRAPHICS)",
					"$(SFML_AUDIO)",
					"$(SFML_NETWORK)",
				);
				SFML_AUDIO = "$(SFML_LINK_PREFIX) sfml-audio$(SFML_LINK_SUFFIX)";
				SFML_BINARY_TYPE = FRAMEWORKS;
				SFML_GRAPHICS = "$(SFML_LINK_PREFIX) sfml-graphics$(SFML_LINK_SUFFIX)";
				SFML_LINK_DYLIBS_PREFIX = "-l";
				SFML_LINK_DYLIBS_SUFFIX = "";
				SFML_LINK_FRAMEWORKS_PREFIX = "-framework";
				SFML_LINK_FRAMEWORKS_SUFFIX = "";
				SFML_LINK_PREFIX = "$(SFML_LINK_$(SFML_BINARY_TYPE)_PREFIX)";
				SFML_LINK_SUFFIX = "$(SFML_LINK_$(SFML_BINARY_TYPE)_SUFFIX)";
				SFML_NETWORK = "";
				SFML_SYSTEM = "$(SFML_LINK_PREFIX) sfml-system$(SFML_LINK_SUFFIX)";
				SFML_WINDOW = "$(SFML_LINK_PREFIX) sfml-window$(SFML_LINK_SUFFIX)";
				SUPPORTED_PLATFORMS = macosx;
			};
			name = Release;
		};
		0460990E1B29C5CE00231625 /* Debug */ = {
			isa = XCBuildConfiguration;
			buildSettings = {
				INFOPLIST_FILE = "QuatraV2/QuatraV2-Info.plist";
				LD_RUNPATH_SEARCH_PATHS = "@loader_path/../Frameworks";
				PRODUCT_NAME = "$(TARGET_NAME)";
			};
			name = Debug;
		};
		0460990F1B29C5CE00231625 /* Release */ = {
			isa = XCBuildConfiguration;
			buildSettings = {
				INFOPLIST_FILE = "QuatraV2/QuatraV2-Info.plist";
				LD_RUNPATH_SEARCH_PATHS = "@loader_path/../Frameworks";
				PRODUCT_NAME = "$(TARGET_NAME)";
			};
			name = Release;
		};
/* End XCBuildConfiguration section */

/* Begin XCConfigurationList section */
		046098F21B29C5CD00231625 /* Build configuration list for PBXProject "QuatraV2" */ = {
			isa = XCConfigurationList;
			buildConfigurations = (
				0460990B1B29C5CE00231625 /* Debug */,
				0460990C1B29C5CE00231625 /* Release */,
			);
			defaultConfigurationIsVisible = 0;
			defaultConfigurationName = Release;
		};
		0460990D1B29C5CE00231625 /* Build configuration list for PBXNativeTarget "QuatraV2" */ = {
			isa = XCConfigurationList;
			buildConfigurations = (
				0460990E1B29C5CE00231625 /* Debug */,
				0460990F1B29C5CE00231625 /* Release */,
			);
			defaultConfigurationIsVisible = 0;
			defaultConfigurationName = Release;
		};
/* End XCConfigurationList section */
	};
	rootObject = 046098EF1B29C5CD00231625 /* Project object */;
}
